// !$*UTF8*$!
{
	archiveVersion = 1;
	classes = {
	};
	objectVersion = 77;
	objects = {

/* Begin PBXContainerItemProxy section */
		ED174D272CEC299900BDDC6A /* PBXContainerItemProxy */ = {
			isa = PBXContainerItemProxy;
			containerPortal = ED174D0E2CEC299700BDDC6A /* Project object */;
			proxyType = 1;
			remoteGlobalIDString = ED174D152CEC299700BDDC6A;
			remoteInfo = RakugakiClone;
		};
		ED174D312CEC299900BDDC6A /* PBXContainerItemProxy */ = {
			isa = PBXContainerItemProxy;
			containerPortal = ED174D0E2CEC299700BDDC6A /* Project object */;
			proxyType = 1;
			remoteGlobalIDString = ED174D152CEC299700BDDC6A;
			remoteInfo = RakugakiClone;
		};
/* End PBXContainerItemProxy section */

/* Begin PBXFileReference section */
		ED174D162CEC299700BDDC6A /* RakugakiClone.app */ = {isa = PBXFileReference; explicitFileType = wrapper.application; includeInIndex = 0; path = RakugakiClone.app; sourceTree = BUILT_PRODUCTS_DIR; };
		ED174D262CEC299900BDDC6A /* RakugakiCloneTests.xctest */ = {isa = PBXFileReference; explicitFileType = wrapper.cfbundle; includeInIndex = 0; path = RakugakiCloneTests.xctest; sourceTree = BUILT_PRODUCTS_DIR; };
		ED174D302CEC299900BDDC6A /* RakugakiCloneUITests.xctest */ = {isa = PBXFileReference; explicitFileType = wrapper.cfbundle; includeInIndex = 0; path = RakugakiCloneUITests.xctest; sourceTree = BUILT_PRODUCTS_DIR; };
/* End PBXFileReference section */

/* Begin PBXFileSystemSynchronizedRootGroup section */
		ED174D182CEC299700BDDC6A /* RakugakiClone */ = {
			isa = PBXFileSystemSynchronizedRootGroup;
			path = RakugakiClone;
			sourceTree = "<group>";
		};
		ED174D292CEC299900BDDC6A /* RakugakiCloneTests */ = {
			isa = PBXFileSystemSynchronizedRootGroup;
			path = RakugakiCloneTests;
			sourceTree = "<group>";
		};
		ED174D332CEC299900BDDC6A /* RakugakiCloneUITests */ = {
			isa = PBXFileSystemSynchronizedRootGroup;
			path = RakugakiCloneUITests;
			sourceTree = "<group>";
		};
/* End PBXFileSystemSynchronizedRootGroup section */

/* Begin PBXFrameworksBuildPhase section */
		ED174D132CEC299700BDDC6A /* Frameworks */ = {
			isa = PBXFrameworksBuildPhase;
			buildActionMask = 2147483647;
			files = (
			);
			runOnlyForDeploymentPostprocessing = 0;
		};
		ED174D232CEC299900BDDC6A /* Frameworks */ = {
			isa = PBXFrameworksBuildPhase;
			buildActionMask = 2147483647;
			files = (
			);
			runOnlyForDeploymentPostprocessing = 0;
		};
		ED174D2D2CEC299900BDDC6A /* Frameworks */ = {
			isa = PBXFrameworksBuildPhase;
			buildActionMask = 2147483647;
			files = (
			);
			runOnlyForDeploymentPostprocessing = 0;
		};
/* End PBXFrameworksBuildPhase section */

/* Begin PBXGroup section */
		ED174D0D2CEC299700BDDC6A = {
			isa = PBXGroup;
			children = (
				ED174D182CEC299700BDDC6A /* RakugakiClone */,
				ED174D292CEC299900BDDC6A /* RakugakiCloneTests */,
				ED174D332CEC299900BDDC6A /* RakugakiCloneUITests */,
				ED174D172CEC299700BDDC6A /* Products */,
			);
			sourceTree = "<group>";
		};
		ED174D172CEC299700BDDC6A /* Products */ = {
			isa = PBXGroup;
			children = (
				ED174D162CEC299700BDDC6A /* RakugakiClone.app */,
				ED174D262CEC299900BDDC6A /* RakugakiCloneTests.xctest */,
				ED174D302CEC299900BDDC6A /* RakugakiCloneUITests.xctest */,
			);
			name = Products;
			sourceTree = "<group>";
		};
/* End PBXGroup section */

/* Begin PBXNativeTarget section */
		ED174D152CEC299700BDDC6A /* RakugakiClone */ = {
			isa = PBXNativeTarget;
			buildConfigurationList = ED174D3A2CEC299900BDDC6A /* Build configuration list for PBXNativeTarget "RakugakiClone" */;
			buildPhases = (
				ED174D122CEC299700BDDC6A /* Sources */,
				ED174D132CEC299700BDDC6A /* Frameworks */,
				ED174D142CEC299700BDDC6A /* Resources */,
			);
			buildRules = (
			);
			dependencies = (
			);
			fileSystemSynchronizedGroups = (
				ED174D182CEC299700BDDC6A /* RakugakiClone */,
			);
			name = RakugakiClone;
			packageProductDependencies = (
			);
			productName = RakugakiClone;
			productReference = ED174D162CEC299700BDDC6A /* RakugakiClone.app */;
			productType = "com.apple.product-type.application";
		};
		ED174D252CEC299900BDDC6A /* RakugakiCloneTests */ = {
			isa = PBXNativeTarget;
			buildConfigurationList = ED174D3D2CEC299900BDDC6A /* Build configuration list for PBXNativeTarget "RakugakiCloneTests" */;
			buildPhases = (
				ED174D222CEC299900BDDC6A /* Sources */,
				ED174D232CEC299900BDDC6A /* Frameworks */,
				ED174D242CEC299900BDDC6A /* Resources */,
			);
			buildRules = (
			);
			dependencies = (
				ED174D282CEC299900BDDC6A /* PBXTargetDependency */,
			);
			fileSystemSynchronizedGroups = (
				ED174D292CEC299900BDDC6A /* RakugakiCloneTests */,
			);
			name = RakugakiCloneTests;
			packageProductDependencies = (
			);
			productName = RakugakiCloneTests;
			productReference = ED174D262CEC299900BDDC6A /* RakugakiCloneTests.xctest */;
			productType = "com.apple.product-type.bundle.unit-test";
		};
		ED174D2F2CEC299900BDDC6A /* RakugakiCloneUITests */ = {
			isa = PBXNativeTarget;
			buildConfigurationList = ED174D402CEC299900BDDC6A /* Build configuration list for PBXNativeTarget "RakugakiCloneUITests" */;
			buildPhases = (
				ED174D2C2CEC299900BDDC6A /* Sources */,
				ED174D2D2CEC299900BDDC6A /* Frameworks */,
				ED174D2E2CEC299900BDDC6A /* Resources */,
			);
			buildRules = (
			);
			dependencies = (
				ED174D322CEC299900BDDC6A /* PBXTargetDependency */,
			);
			fileSystemSynchronizedGroups = (
				ED174D332CEC299900BDDC6A /* RakugakiCloneUITests */,
			);
			name = RakugakiCloneUITests;
			packageProductDependencies = (
			);
			productName = RakugakiCloneUITests;
			productReference = ED174D302CEC299900BDDC6A /* RakugakiCloneUITests.xctest */;
			productType = "com.apple.product-type.bundle.ui-testing";
		};
/* End PBXNativeTarget section */

/* Begin PBXProject section */
		ED174D0E2CEC299700BDDC6A /* Project object */ = {
			isa = PBXProject;
			attributes = {
				BuildIndependentTargetsInParallel = 1;
				LastSwiftUpdateCheck = 1620;
				LastUpgradeCheck = 1620;
				TargetAttributes = {
					ED174D152CEC299700BDDC6A = {
						CreatedOnToolsVersion = 16.2;
					};
					ED174D252CEC299900BDDC6A = {
						CreatedOnToolsVersion = 16.2;
						TestTargetID = ED174D152CEC299700BDDC6A;
					};
					ED174D2F2CEC299900BDDC6A = {
						CreatedOnToolsVersion = 16.2;
						TestTargetID = ED174D152CEC299700BDDC6A;
					};
				};
			};
			buildConfigurationList = ED174D112CEC299700BDDC6A /* Build configuration list for PBXProject "RakugakiClone" */;
			developmentRegion = en;
			hasScannedForEncodings = 0;
			knownRegions = (
				en,
				Base,
			);
			mainGroup = ED174D0D2CEC299700BDDC6A;
			minimizedProjectReferenceProxies = 1;
			preferredProjectObjectVersion = 77;
			productRefGroup = ED174D172CEC299700BDDC6A /* Products */;
			projectDirPath = "";
			projectRoot = "";
			targets = (
				ED174D152CEC299700BDDC6A /* RakugakiClone */,
				ED174D252CEC299900BDDC6A /* RakugakiCloneTests */,
				ED174D2F2CEC299900BDDC6A /* RakugakiCloneUITests */,
			);
		};
/* End PBXProject section */

/* Begin PBXResourcesBuildPhase section */
		ED174D142CEC299700BDDC6A /* Resources */ = {
			isa = PBXResourcesBuildPhase;
			buildActionMask = 2147483647;
			files = (
			);
			runOnlyForDeploymentPostprocessing = 0;
		};
		ED174D242CEC299900BDDC6A /* Resources */ = {
			isa = PBXResourcesBuildPhase;
			buildActionMask = 2147483647;
			files = (
			);
			runOnlyForDeploymentPostprocessing = 0;
		};
		ED174D2E2CEC299900BDDC6A /* Resources */ = {
			isa = PBXResourcesBuildPhase;
			buildActionMask = 2147483647;
			files = (
			);
			runOnlyForDeploymentPostprocessing = 0;
		};
/* End PBXResourcesBuildPhase section */

/* Begin PBXSourcesBuildPhase section */
		ED174D122CEC299700BDDC6A /* Sources */ = {
			isa = PBXSourcesBuildPhase;
			buildActionMask = 2147483647;
			files = (
			);
			runOnlyForDeploymentPostprocessing = 0;
		};
		ED174D222CEC299900BDDC6A /* Sources */ = {
			isa = PBXSourcesBuildPhase;
			buildActionMask = 2147483647;
			files = (
			);
			runOnlyForDeploymentPostprocessing = 0;
		};
		ED174D2C2CEC299900BDDC6A /* Sources */ = {
			isa = PBXSourcesBuildPhase;
			buildActionMask = 2147483647;
			files = (
			);
			runOnlyForDeploymentPostprocessing = 0;
		};
/* End PBXSourcesBuildPhase section */

/* Begin PBXTargetDependency section */
		ED174D282CEC299900BDDC6A /* PBXTargetDependency */ = {
			isa = PBXTargetDependency;
			target = ED174D152CEC299700BDDC6A /* RakugakiClone */;
			targetProxy = ED174D272CEC299900BDDC6A /* PBXContainerItemProxy */;
		};
		ED174D322CEC299900BDDC6A /* PBXTargetDependency */ = {
			isa = PBXTargetDependency;
			target = ED174D152CEC299700BDDC6A /* RakugakiClone */;
			targetProxy = ED174D312CEC299900BDDC6A /* PBXContainerItemProxy */;
		};
/* End PBXTargetDependency section */

/* Begin XCBuildConfiguration section */
		ED174D382CEC299900BDDC6A /* Debug */ = {
			isa = XCBuildConfiguration;
			buildSettings = {
				ALWAYS_SEARCH_USER_PATHS = NO;
				ASSETCATALOG_COMPILER_GENERATE_SWIFT_ASSET_SYMBOL_EXTENSIONS = YES;
				CLANG_ANALYZER_NONNULL = YES;
				CLANG_ANALYZER_NUMBER_OBJECT_CONVERSION = YES_AGGRESSIVE;
				CLANG_CXX_LANGUAGE_STANDARD = "gnu++20";
				CLANG_ENABLE_MODULES = YES;
				CLANG_ENABLE_OBJC_ARC = YES;
				CLANG_ENABLE_OBJC_WEAK = YES;
				CLANG_WARN_BLOCK_CAPTURE_AUTORELEASING = YES;
				CLANG_WARN_BOOL_CONVERSION = YES;
				CLANG_WARN_COMMA = YES;
				CLANG_WARN_CONSTANT_CONVERSION = YES;
				CLANG_WARN_DEPRECATED_OBJC_IMPLEMENTATIONS = YES;
				CLANG_WARN_DIRECT_OBJC_ISA_USAGE = YES_ERROR;
				CLANG_WARN_DOCUMENTATION_COMMENTS = YES;
				CLANG_WARN_EMPTY_BODY = YES;
				CLANG_WARN_ENUM_CONVERSION = YES;
				CLANG_WARN_INFINITE_RECURSION = YES;
				CLANG_WARN_INT_CONVERSION = YES;
				CLANG_WARN_NON_LITERAL_NULL_CONVERSION = YES;
				CLANG_WARN_OBJC_IMPLICIT_RETAIN_SELF = YES;
				CLANG_WARN_OBJC_LITERAL_CONVERSION = YES;
				CLANG_WARN_OBJC_ROOT_CLASS = YES_ERROR;
				CLANG_WARN_QUOTED_INCLUDE_IN_FRAMEWORK_HEADER = YES;
				CLANG_WARN_RANGE_LOOP_ANALYSIS = YES;
				CLANG_WARN_STRICT_PROTOTYPES = YES;
				CLANG_WARN_SUSPICIOUS_MOVE = YES;
				CLANG_WARN_UNGUARDED_AVAILABILITY = YES_AGGRESSIVE;
				CLANG_WARN_UNREACHABLE_CODE = YES;
				CLANG_WARN__DUPLICATE_METHOD_MATCH = YES;
				COPY_PHASE_STRIP = NO;
				DEBUG_INFORMATION_FORMAT = dwarf;
				ENABLE_STRICT_OBJC_MSGSEND = YES;
				ENABLE_TESTABILITY = YES;
				ENABLE_USER_SCRIPT_SANDBOXING = YES;
				GCC_C_LANGUAGE_STANDARD = gnu17;
				GCC_DYNAMIC_NO_PIC = NO;
				GCC_NO_COMMON_BLOCKS = YES;
				GCC_OPTIMIZATION_LEVEL = 0;
				GCC_PREPROCESSOR_DEFINITIONS = (
					"DEBUG=1",
					"$(inherited)",
				);
				GCC_WARN_64_TO_32_BIT_CONVERSION = YES;
				GCC_WARN_ABOUT_RETURN_TYPE = YES_ERROR;
				GCC_WARN_UNDECLARED_SELECTOR = YES;
				GCC_WARN_UNINITIALIZED_AUTOS = YES_AGGRESSIVE;
				GCC_WARN_UNUSED_FUNCTION = YES;
				GCC_WARN_UNUSED_VARIABLE = YES;
				IPHONEOS_DEPLOYMENT_TARGET = 18.0;
				LOCALIZATION_PREFERS_STRING_CATALOGS = YES;
				MTL_ENABLE_DEBUG_INFO = INCLUDE_SOURCE;
				MTL_FAST_MATH = YES;
				ONLY_ACTIVE_ARCH = YES;
				SDKROOT = iphoneos;
				SWIFT_ACTIVE_COMPILATION_CONDITIONS = "DEBUG $(inherited)";
				SWIFT_OPTIMIZATION_LEVEL = "-Onone";
			};
			name = Debug;
		};
		ED174D392CEC299900BDDC6A /* Release */ = {
			isa = XCBuildConfiguration;
			buildSettings = {
				ALWAYS_SEARCH_USER_PATHS = NO;
				ASSETCATALOG_COMPILER_GENERATE_SWIFT_ASSET_SYMBOL_EXTENSIONS = YES;
				CLANG_ANALYZER_NONNULL = YES;
				CLANG_ANALYZER_NUMBER_OBJECT_CONVERSION = YES_AGGRESSIVE;
				CLANG_CXX_LANGUAGE_STANDARD = "gnu++20";
				CLANG_ENABLE_MODULES = YES;
				CLANG_ENABLE_OBJC_ARC = YES;
				CLANG_ENABLE_OBJC_WEAK = YES;
				CLANG_WARN_BLOCK_CAPTURE_AUTORELEASING = YES;
				CLANG_WARN_BOOL_CONVERSION = YES;
				CLANG_WARN_COMMA = YES;
				CLANG_WARN_CONSTANT_CONVERSION = YES;
				CLANG_WARN_DEPRECATED_OBJC_IMPLEMENTATIONS = YES;
				CLANG_WARN_DIRECT_OBJC_ISA_USAGE = YES_ERROR;
				CLANG_WARN_DOCUMENTATION_COMMENTS = YES;
				CLANG_WARN_EMPTY_BODY = YES;
				CLANG_WARN_ENUM_CONVERSION = YES;
				CLANG_WARN_INFINITE_RECURSION = YES;
				CLANG_WARN_INT_CONVERSION = YES;
				CLANG_WARN_NON_LITERAL_NULL_CONVERSION = YES;
				CLANG_WARN_OBJC_IMPLICIT_RETAIN_SELF = YES;
				CLANG_WARN_OBJC_LITERAL_CONVERSION = YES;
				CLANG_WARN_OBJC_ROOT_CLASS = YES_ERROR;
				CLANG_WARN_QUOTED_INCLUDE_IN_FRAMEWORK_HEADER = YES;
				CLANG_WARN_RANGE_LOOP_ANALYSIS = YES;
				CLANG_WARN_STRICT_PROTOTYPES = YES;
				CLANG_WARN_SUSPICIOUS_MOVE = YES;
				CLANG_WARN_UNGUARDED_AVAILABILITY = YES_AGGRESSIVE;
				CLANG_WARN_UNREACHABLE_CODE = YES;
				CLANG_WARN__DUPLICATE_METHOD_MATCH = YES;
				COPY_PHASE_STRIP = NO;
				DEBUG_INFORMATION_FORMAT = "dwarf-with-dsym";
				ENABLE_NS_ASSERTIONS = NO;
				ENABLE_STRICT_OBJC_MSGSEND = YES;
				ENABLE_USER_SCRIPT_SANDBOXING = YES;
				GCC_C_LANGUAGE_STANDARD = gnu17;
				GCC_NO_COMMON_BLOCKS = YES;
				GCC_WARN_64_TO_32_BIT_CONVERSION = YES;
				GCC_WARN_ABOUT_RETURN_TYPE = YES_ERROR;
				GCC_WARN_UNDECLARED_SELECTOR = YES;
				GCC_WARN_UNINITIALIZED_AUTOS = YES_AGGRESSIVE;
				GCC_WARN_UNUSED_FUNCTION = YES;
				GCC_WARN_UNUSED_VARIABLE = YES;
				IPHONEOS_DEPLOYMENT_TARGET = 18.0;
				LOCALIZATION_PREFERS_STRING_CATALOGS = YES;
				MTL_ENABLE_DEBUG_INFO = NO;
				MTL_FAST_MATH = YES;
				SDKROOT = iphoneos;
				SWIFT_COMPILATION_MODE = wholemodule;
				VALIDATE_PRODUCT = YES;
			};
			name = Release;
		};
		ED174D3B2CEC299900BDDC6A /* Debug */ = {
			isa = XCBuildConfiguration;
			buildSettings = {
				ASSETCATALOG_COMPILER_APPICON_NAME = AppIcon;
				ASSETCATALOG_COMPILER_GLOBAL_ACCENT_COLOR_NAME = AccentColor;
				CODE_SIGN_STYLE = Automatic;
				CURRENT_PROJECT_VERSION = 1;
				DEVELOPMENT_ASSET_PATHS = "\"RakugakiClone/Preview Content\"";
				DEVELOPMENT_TEAM = A5NZ4FL3SF;
				ENABLE_PREVIEWS = YES;
				GENERATE_INFOPLIST_FILE = YES;
				INFOPLIST_KEY_NSCameraUsageDescription = "AR Camera";
				INFOPLIST_KEY_UIApplicationSceneManifest_Generation = YES;
				INFOPLIST_KEY_UIApplicationSupportsIndirectInputEvents = YES;
				INFOPLIST_KEY_UILaunchScreen_Generation = YES;
				INFOPLIST_KEY_UISupportedInterfaceOrientations_iPad = "UIInterfaceOrientationPortrait UIInterfaceOrientationPortraitUpsideDown UIInterfaceOrientationLandscapeLeft UIInterfaceOrientationLandscapeRight";
				INFOPLIST_KEY_UISupportedInterfaceOrientations_iPhone = "UIInterfaceOrientationPortrait UIInterfaceOrientationLandscapeLeft UIInterfaceOrientationLandscapeRight";
				IPHONEOS_DEPLOYMENT_TARGET = 18.0;
				LD_RUNPATH_SEARCH_PATHS = (
					"$(inherited)",
					"@executable_path/Frameworks",
				);
				MARKETING_VERSION = 1.0;
				PRODUCT_BUNDLE_IDENTIFIER = com.417tech.app.RakugakiClone;
				PRODUCT_NAME = "$(TARGET_NAME)";
				SWIFT_EMIT_LOC_STRINGS = YES;
				SWIFT_VERSION = 5.0;
				TARGETED_DEVICE_FAMILY = "1,2";
			};
			name = Debug;
		};
		ED174D3C2CEC299900BDDC6A /* Release */ = {
			isa = XCBuildConfiguration;
			buildSettings = {
				ASSETCATALOG_COMPILER_APPICON_NAME = AppIcon;
				ASSETCATALOG_COMPILER_GLOBAL_ACCENT_COLOR_NAME = AccentColor;
				CODE_SIGN_STYLE = Automatic;
				CURRENT_PROJECT_VERSION = 1;
				DEVELOPMENT_ASSET_PATHS = "\"RakugakiClone/Preview Content\"";
				DEVELOPMENT_TEAM = A5NZ4FL3SF;
				ENABLE_PREVIEWS = YES;
				GENERATE_INFOPLIST_FILE = YES;
				INFOPLIST_KEY_NSCameraUsageDescription = "AR Camera";
				INFOPLIST_KEY_UIApplicationSceneManifest_Generation = YES;
				INFOPLIST_KEY_UIApplicationSupportsIndirectInputEvents = YES;
				INFOPLIST_KEY_UILaunchScreen_Generation = YES;
				INFOPLIST_KEY_UISupportedInterfaceOrientations_iPad = "UIInterfaceOrientationPortrait UIInterfaceOrientationPortraitUpsideDown UIInterfaceOrientationLandscapeLeft UIInterfaceOrientationLandscapeRight";
				INFOPLIST_KEY_UISupportedInterfaceOrientations_iPhone = "UIInterfaceOrientationPortrait UIInterfaceOrientationLandscapeLeft UIInterfaceOrientationLandscapeRight";
				IPHONEOS_DEPLOYMENT_TARGET = 18.0;
				LD_RUNPATH_SEARCH_PATHS = (
					"$(inherited)",
					"@executable_path/Frameworks",
				);
				MARKETING_VERSION = 1.0;
				PRODUCT_BUNDLE_IDENTIFIER = com.417tech.app.RakugakiClone;
				PRODUCT_NAME = "$(TARGET_NAME)";
				SWIFT_EMIT_LOC_STRINGS = YES;
				SWIFT_VERSION = 5.0;
				TARGETED_DEVICE_FAMILY = "1,2";
			};
			name = Release;
		};
		ED174D3E2CEC299900BDDC6A /* Debug */ = {
			isa = XCBuildConfiguration;
			buildSettings = {
				BUNDLE_LOADER = "$(TEST_HOST)";
				CODE_SIGN_STYLE = Automatic;
				CURRENT_PROJECT_VERSION = 1;
				DEVELOPMENT_TEAM = A5NZ4FL3SF;
				GENERATE_INFOPLIST_FILE = YES;
				IPHONEOS_DEPLOYMENT_TARGET = 18.2;
				MARKETING_VERSION = 1.0;
				PRODUCT_BUNDLE_IDENTIFIER = com.417tech.app.RakugakiCloneTests;
				PRODUCT_NAME = "$(TARGET_NAME)";
				SWIFT_EMIT_LOC_STRINGS = NO;
				SWIFT_VERSION = 5.0;
				TARGETED_DEVICE_FAMILY = "1,2";
				TEST_HOST = "$(BUILT_PRODUCTS_DIR)/RakugakiClone.app/$(BUNDLE_EXECUTABLE_FOLDER_PATH)/RakugakiClone";
			};
			name = Debug;
		};
		ED174D3F2CEC299900BDDC6A /* Release */ = {
			isa = XCBuildConfiguration;
			buildSettings = {
				BUNDLE_LOADER = "$(TEST_HOST)";
				CODE_SIGN_STYLE = Automatic;
				CURRENT_PROJECT_VERSION = 1;
				DEVELOPMENT_TEAM = A5NZ4FL3SF;
				GENERATE_INFOPLIST_FILE = YES;
				IPHONEOS_DEPLOYMENT_TARGET = 18.2;
				MARKETING_VERSION = 1.0;
				PRODUCT_BUNDLE_IDENTIFIER = com.417tech.app.RakugakiCloneTests;
				PRODUCT_NAME = "$(TARGET_NAME)";
				SWIFT_EMIT_LOC_STRINGS = NO;
				SWIFT_VERSION = 5.0;
				TARGETED_DEVICE_FAMILY = "1,2";
				TEST_HOST = "$(BUILT_PRODUCTS_DIR)/RakugakiClone.app/$(BUNDLE_EXECUTABLE_FOLDER_PATH)/RakugakiClone";
			};
			name = Release;
		};
		ED174D412CEC299900BDDC6A /* Debug */ = {
			isa = XCBuildConfiguration;
			buildSettings = {
				CODE_SIGN_STYLE = Automatic;
				CURRENT_PROJECT_VERSION = 1;
				DEVELOPMENT_TEAM = A5NZ4FL3SF;
				GENERATE_INFOPLIST_FILE = YES;
				MARKETING_VERSION = 1.0;
				PRODUCT_BUNDLE_IDENTIFIER = com.417tech.app.RakugakiCloneUITests;
				PRODUCT_NAME = "$(TARGET_NAME)";
				SWIFT_EMIT_LOC_STRINGS = NO;
				SWIFT_VERSION = 5.0;
				TARGETED_DEVICE_FAMILY = "1,2";
				TEST_TARGET_NAME = RakugakiClone;
			};
			name = Debug;
		};
		ED174D422CEC299900BDDC6A /* Release */ = {
			isa = XCBuildConfiguration;
			buildSettings = {
				CODE_SIGN_STYLE = Automatic;
				CURRENT_PROJECT_VERSION = 1;
				DEVELOPMENT_TEAM = A5NZ4FL3SF;
				GENERATE_INFOPLIST_FILE = YES;
				MARKETING_VERSION = 1.0;
				PRODUCT_BUNDLE_IDENTIFIER = com.417tech.app.RakugakiCloneUITests;
				PRODUCT_NAME = "$(TARGET_NAME)";
				SWIFT_EMIT_LOC_STRINGS = NO;
				SWIFT_VERSION = 5.0;
				TARGETED_DEVICE_FAMILY = "1,2";
				TEST_TARGET_NAME = RakugakiClone;
			};
			name = Release;
		};
/* End XCBuildConfiguration section */

/* Begin XCConfigurationList section */
		ED174D112CEC299700BDDC6A /* Build configuration list for PBXProject "RakugakiClone" */ = {
			isa = XCConfigurationList;
			buildConfigurations = (
				ED174D382CEC299900BDDC6A /* Debug */,
				ED174D392CEC299900BDDC6A /* Release */,
			);
			defaultConfigurationIsVisible = 0;
			defaultConfigurationName = Release;
		};
		ED174D3A2CEC299900BDDC6A /* Build configuration list for PBXNativeTarget "RakugakiClone" */ = {
			isa = XCConfigurationList;
			buildConfigurations = (
				ED174D3B2CEC299900BDDC6A /* Debug */,
				ED174D3C2CEC299900BDDC6A /* Release */,
			);
			defaultConfigurationIsVisible = 0;
			defaultConfigurationName = Release;
		};
		ED174D3D2CEC299900BDDC6A /* Build configuration list for PBXNativeTarget "RakugakiCloneTests" */ = {
			isa = XCConfigurationList;
			buildConfigurations = (
				ED174D3E2CEC299900BDDC6A /* Debug */,
				ED174D3F2CEC299900BDDC6A /* Release */,
			);
			defaultConfigurationIsVisible = 0;
			defaultConfigurationName = Release;
		};
		ED174D402CEC299900BDDC6A /* Build configuration list for PBXNativeTarget "RakugakiCloneUITests" */ = {
			isa = XCConfigurationList;
			buildConfigurations = (
				ED174D412CEC299900BDDC6A /* Debug */,
				ED174D422CEC299900BDDC6A /* Release */,
			);
			defaultConfigurationIsVisible = 0;
			defaultConfigurationName = Release;
		};
/* End XCConfigurationList section */
	};
	rootObject = ED174D0E2CEC299700BDDC6A /* Project object */;
}
